
Microsoft Visual Studio Solution File, Format Version 12.00
# Visual Studio 15
VisualStudioVersion = 15.0.27004.2009
MinimumVisualStudioVersion = 10.0.40219.1
Project("{FAE04EC0-301F-11D3-BF4B-00C04F79EFBC}") = "Shopping", "Shopping\Shopping.csproj", "{39921758-E352-41D0-8067-3F48CE986586}"
EndProject
Project("{FAE04EC0-301F-11D3-BF4B-00C04F79EFBC}") = "ServerApp", "ServerApp\ServerApp.csproj", "{B21DBFD8-C813-4C81-9859-32A725841E1C}"
EndProject
Project("{FAE04EC0-301F-11D3-BF4B-00C04F79EFBC}") = "ClientApp", "ClientApp\ClientApp.csproj", "{7A487E66-3FA3-459B-851B-91F1D925DFBF}"
EndProject
Global
	GlobalSection(SolutionConfigurationPlatforms) = preSolution
		Debug|Any CPU = Debug|Any CPU
		Release|Any CPU = Release|Any CPU
	EndGlobalSection
	GlobalSection(ProjectConfigurationPlatforms) = postSolution
		{39921758-E352-41D0-8067-3F48CE986586}.Debug|Any CPU.ActiveCfg = Debug|Any CPU
		{39921758-E352-41D0-8067-3F48CE986586}.Debug|Any CPU.Build.0 = Debug|Any CPU
		{39921758-E352-41D0-8067-3F48CE986586}.Release|Any CPU.ActiveCfg = Release|Any CPU
		{39921758-E352-41D0-8067-3F48CE986586}.Release|Any CPU.Build.0 = Release|Any CPU
		{B21DBFD8-C813-4C81-9859-32A725841E1C}.Debug|Any CPU.ActiveCfg = Debug|Any CPU
		{B21DBFD8-C813-4C81-9859-32A725841E1C}.Debug|Any CPU.Build.0 = Debug|Any CPU
		{B21DBFD8-C813-4C81-9859-32A725841E1C}.Release|Any CPU.ActiveCfg = Release|Any CPU
		{B21DBFD8-C813-4C81-9859-32A725841E1C}.Release|Any CPU.Build.0 = Release|Any CPU
		{7A487E66-3FA3-459B-851B-91F1D925DFBF}.Debug|Any CPU.ActiveCfg = Debug|Any CPU
		{7A487E66-3FA3-459B-851B-91F1D925DFBF}.Debug|Any CPU.Build.0 = Debug|Any CPU
		{7A487E66-3FA3-459B-851B-91F1D925DFBF}.Release|Any CPU.ActiveCfg = Release|Any CPU
		{7A487E66-3FA3-459B-851B-91F1D925DFBF}.Release|Any CPU.Build.0 = Release|Any CPU
	EndGlobalSection
	GlobalSection(SolutionProperties) = preSolution
		HideSolutionNode = FALSE
	EndGlobalSection
	GlobalSection(ExtensibilityGlobals) = postSolution
		SolutionGuid = {EB4F97AA-084E-43BD-BE8D-E1DC3198EA99}
	EndGlobalSection
EndGlobal
